
Microsoft Visual Studio Solution File, Format Version 12.00
# Visual Studio 15
VisualStudioVersion = 15.0.27130.2020
MinimumVisualStudioVersion = 10.0.40219.1
Project("{9A19103F-16F7-4668-BE54-9A1E7A4F7556}") = "LeitnerProject.Web", "LeitnerProject\LeitnerProject.Web.csproj", "{E0DD3B60-CE67-490A-9A8C-C09E2FD97B21}"
EndProject
Project("{9A19103F-16F7-4668-BE54-9A1E7A4F7556}") = "LeitnerProject.Infrastructure", "LeitnerProject.Infrastructure\LeitnerProject.Infrastructure.csproj", "{1CED8EB7-51C9-473C-8C53-4D8BF8AAEF4F}"
EndProject
Project("{9A19103F-16F7-4668-BE54-9A1E7A4F7556}") = "LeitnerProject.Core", "LeitnerProject.Core\LeitnerProject.Core.csproj", "{5CABCF2C-400C-4149-A297-37A6226BF073}"
EndProject
Project("{FAE04EC0-301F-11D3-BF4B-00C04F79EFBC}") = "LeitnerProject.Test", "LeitnerProject.Test\LeitnerProject.Test.csproj", "{CCE0B7D9-9A2B-42FE-8BAD-A09A4EDC7A87}"
EndProject
Global
	GlobalSection(SolutionConfigurationPlatforms) = preSolution
		Debug|Any CPU = Debug|Any CPU
		Release|Any CPU = Release|Any CPU
	EndGlobalSection
	GlobalSection(ProjectConfigurationPlatforms) = postSolution
		{E0DD3B60-CE67-490A-9A8C-C09E2FD97B21}.Debug|Any CPU.ActiveCfg = Debug|Any CPU
		{E0DD3B60-CE67-490A-9A8C-C09E2FD97B21}.Debug|Any CPU.Build.0 = Debug|Any CPU
		{E0DD3B60-CE67-490A-9A8C-C09E2FD97B21}.Release|Any CPU.ActiveCfg = Release|Any CPU
		{E0DD3B60-CE67-490A-9A8C-C09E2FD97B21}.Release|Any CPU.Build.0 = Release|Any CPU
		{1CED8EB7-51C9-473C-8C53-4D8BF8AAEF4F}.Debug|Any CPU.ActiveCfg = Debug|Any CPU
		{1CED8EB7-51C9-473C-8C53-4D8BF8AAEF4F}.Debug|Any CPU.Build.0 = Debug|Any CPU
		{1CED8EB7-51C9-473C-8C53-4D8BF8AAEF4F}.Release|Any CPU.ActiveCfg = Release|Any CPU
		{1CED8EB7-51C9-473C-8C53-4D8BF8AAEF4F}.Release|Any CPU.Build.0 = Release|Any CPU
		{5CABCF2C-400C-4149-A297-37A6226BF073}.Debug|Any CPU.ActiveCfg = Debug|Any CPU
		{5CABCF2C-400C-4149-A297-37A6226BF073}.Debug|Any CPU.Build.0 = Debug|Any CPU
		{5CABCF2C-400C-4149-A297-37A6226BF073}.Release|Any CPU.ActiveCfg = Release|Any CPU
		{5CABCF2C-400C-4149-A297-37A6226BF073}.Release|Any CPU.Build.0 = Release|Any CPU
		{CCE0B7D9-9A2B-42FE-8BAD-A09A4EDC7A87}.Debug|Any CPU.ActiveCfg = Debug|Any CPU
		{CCE0B7D9-9A2B-42FE-8BAD-A09A4EDC7A87}.Debug|Any CPU.Build.0 = Debug|Any CPU
		{CCE0B7D9-9A2B-42FE-8BAD-A09A4EDC7A87}.Release|Any CPU.ActiveCfg = Release|Any CPU
		{CCE0B7D9-9A2B-42FE-8BAD-A09A4EDC7A87}.Release|Any CPU.Build.0 = Release|Any CPU
	EndGlobalSection
	GlobalSection(SolutionProperties) = preSolution
		HideSolutionNode = FALSE
	EndGlobalSection
	GlobalSection(ExtensibilityGlobals) = postSolution
		SolutionGuid = {F6BE845A-AC5E-47F5-AE8D-69850A567D70}
	EndGlobalSection
EndGlobal
